---
lockfileVersion: 1
lockfileVendor: redhat
arches:
- arch: aarch64
  packages:
  - url: https://cdn.redhat.com/content/eus/rhel9/9.6/aarch64/appstream/os/Packages/c/containers-common-1-117.el9_6.aarch64.rpm
    repoid: rhel-9-for-aarch64-appstream-eus-rpms
    size: 158379
    checksum: sha256:5571ade0c71bbf0266315f2584693de7e517df4fe6b0ea0e84381030573b08d9
    name: containers-common
    evr: 2:1-117.el9_6
    sourcerpm: containers-common-1-117.el9_6.src.rpm
  - url: https://cdn.redhat.com/content/eus/rhel9/9.6/aarch64/appstream/os/Packages/c/criu-3.19-1.2.el9_6.aarch64.rpm
    repoid: rhel-9-for-aarch64-appstream-eus-rpms
    size: 555563
    checksum: sha256:a5c87a7ba8b66f13633cb1634f1678fae4acf5fe16027414117153da8a6c6ed4
    name: criu
    evr: 3.19-1.2.el9_6
    sourcerpm: criu-3.19-1.2.el9_6.src.rpm
  - url: https://cdn.redhat.com/content/eus/rhel9/9.6/aarch64/appstream/os/Packages/c/criu-libs-3.19-1.2.el9_6.aarch64.rpm
    repoid: rhel-9-for-aarch64-appstream-eus-rpms
    size: 31089
    checksum: sha256:d4aff59bbd475551f6bb3f9976d77a06d6098c52564dd341e9c7b03d45e24ea9
    name: criu-libs
    evr: 3.19-1.2.el9_6
    sourcerpm: criu-3.19-1.2.el9_6.src.rpm
  - url: https://cdn.redhat.com/content/eus/rhel9/9.6/aarch64/appstream/os/Packages/c/crun-1.27-1.el9_6.aarch64.rpm
    repoid: rhel-9-for-aarch64-appstream-eus-rpms
    size: 245064
    checksum: sha256:ee341318d2171cb5475ca806976c87b2ac8c592f883259afeadcc1152dc9ad4d
    name: crun
    evr: 1.27-1.el9_6
    sourcerpm: crun-1.27-1.el9_6.src.rpm
  - url: https://cdn.redhat.com/content/eus/rhel9/9.6/aarch64/appstream/os/Packages/f/fuse-overlayfs-1.14-1.el9.aarch64.rpm
    repoid: rhel-9-for-aarch64-appstream-eus-rpms
    size: 66963
    checksum: sha256:aa95ce8a964df785e349e8ef3baf12eacde4695be51923fecfdbdc1b69b41933
    name: fuse-overlayfs
    evr: 1.14-1.el9
    sourcerpm: fuse-overlayfs-1.14-1.el9.src.rpm
  - url: https://cdn.redhat.com/content/eus/rhel9/9.6/aarch64/appstream/os/Packages/f/fuse3-3.10.2-9.el9.aarch64.rpm
    repoid: rhel-9-for-aarch64-appstream-eus-rpms
    size: 58189
    checksum: sha256:2b911ff36ca332c9a5d0f2b2f088b51e9417d2085ec9c44967102f845825ad0f
    name: fuse3
    evr: 3.10.2-9.el9
    sourcerpm: fuse3-3.10.2-9.el9.src.rpm
  - url: https://cdn.redhat.com/content/eus/rhel9/9.6/aarch64/appstream/os/Packages/f/fuse3-libs-3.10.2-9.el9.aarch64.rpm
    repoid: rhel-9-for-aarch64-appstream-eus-rpms
    size: 92984
    checksum: sha256:5996291bc8dbb3d32f5d0ac693a4570dba5fe45631d4ca0552696285ff905370
    name: fuse3-libs
    evr: 3.10.2-9.el9
    sourcerpm: fuse3-3.10.2-9.el9.src.rpm
  - url: https://cdn.redhat.com/content/eus/rhel9/9.6/aarch64/appstream/os/Packages/l/libnet-1.2-7.el9.aarch64.rpm
    repoid: rhel-9-for-aarch64-appstream-eus-rpms
    size: 62963
    checksum: sha256:543b0664c576f91ae8f5563f04c2cb3de65ff514d5ed658ac825aa4d98e860dd
    name: libnet
    evr: 1.2-7.el9
    sourcerpm: libnet-1.2-7.el9.src.rpm
  - url: https://cdn.redhat.com/content/eus/rhel9/9.6/aarch64/appstream/os/Packages/l/libslirp-4.4.0-8.el9.aarch64.rpm
    repoid: rhel-9-for-aarch64-appstream-eus-rpms
    size: 70971
    checksum: sha256:12fa772c2e3905244fd6cc9971e2592c12a547ac3e4df66f5f0c6ef1e670067d
    name: libslirp
    evr: 4.4.0-8.el9
    sourcerpm: libslirp-4.4.0-8.el9.src.rpm
  - url: https://cdn.redhat.com/content/eus/rhel9/9.6/aarch64/appstream/os/Packages/s/skopeo-1.18.1-5.el9_6.1.aarch64.rpm
    repoid: rhel-9-for-aarch64-appstream-eus-rpms
    size: 8844438
    checksum: sha256:b2d58cd41bb5a5353c9b37db78f89fca990ac1189a2e7aa38dec89ab20b4bd93
    name: skopeo
    evr: 2:1.18.1-5.el9_6.1
    sourcerpm: skopeo-1.18.1-5.el9_6.1.src.rpm
  - url: https://cdn.redhat.com/content/eus/rhel9/9.6/aarch64/appstream/os/Packages/s/slirp4netns-1.3.2-1.el9.aarch64.rpm
    repoid: rhel-9-for-aarch64-appstream-eus-rpms
    size: 50394
    checksum: sha256:01db172d566e090d3a0789d27c3dd7d7151458765b6264784e0fa3d89b132fee
    name: slirp4netns
    evr: 1.3.2-1.el9
    sourcerpm: slirp4netns-1.3.2-1.el9.src.rpm
  - url: https://cdn.redhat.com/content/eus/rhel9/9.6/aarch64/appstream/os/Packages/y/yajl-2.1.0-25.el9.aarch64.rpm
    repoid: rhel-9-for-aarch64-appstream-eus-rpms
    size: 42219
    checksum: sha256:a6becc709b5431b18ccebd844278598f01f05bfd57dc1abfaa1680d5b8edc8ac
    name: yajl
    evr: 2.1.0-25.el9
    sourcerpm: yajl-2.1.0-25.el9.src.rpm
  - url: https://cdn.redhat.com/content/eus/rhel9/9.6/aarch64/baseos/os/Packages/f/fuse-common-3.10.2-9.el9.aarch64.rpm
    repoid: rhel-9-for-aarch64-baseos-eus-rpms
    size: 8718
    checksum: sha256:ee202d37528745e6367791304c4f04af4a84bc9df2027234900186a8bff858f7
    name: fuse-common
    evr: 3.10.2-9.el9
    sourcerpm: fuse3-3.10.2-9.el9.src.rpm
  - url: https://cdn.redhat.com/content/eus/rhel9/9.6/aarch64/baseos/os/Packages/k/kmod-28-10.el9.aarch64.rpm
    repoid: rhel-9-for-aarch64-baseos-eus-rpms
    size: 130824
    checksum: sha256:02835d70e5283383d02367e1bb3431a74033bbd1be5e3961e572623e1cbca4ca
    name: kmod
    evr: 28-10.el9
    sourcerpm: kmod-28-10.el9.src.rpm
  - url: https://cdn.redhat.com/content/eus/rhel9/9.6/aarch64/baseos/os/Packages/p/protobuf-c-1.3.3-13.el9.aarch64.rpm
    repoid: rhel-9-for-aarch64-baseos-eus-rpms
    size: 38582
    checksum: sha256:d68a518f80e00df5e63ba24d4be5058998d857e24b1af316f37001dfc91d3149
    name: protobuf-c
    evr: 1.3.3-13.el9
    sourcerpm: protobuf-c-1.3.3-13.el9.src.rpm
  - url: https://cdn.redhat.com/content/eus/rhel9/9.6/aarch64/baseos/os/Packages/s/shadow-utils-subid-4.9-12.el9.aarch64.rpm
    repoid: rhel-9-for-aarch64-baseos-eus-rpms
    size: 89073
    checksum: sha256:defb5583bcda27004a657df50d385d9884a0d93b14c38725b1141255614dcd0c
    name: shadow-utils-subid
    evr: 2:4.9-12.el9
    sourcerpm: shadow-utils-4.9-12.el9.src.rpm
  source:
  - url: https://cdn.redhat.com/content/eus/rhel9/9.6/aarch64/appstream/source/SRPMS/Packages/c/containers-common-1-117.el9_6.src.rpm
    repoid: rhel-9-for-aarch64-appstream-eus-source-rpms
    size: 168528
    checksum: sha256:3ae3f5c20849053dcd2d8dfc378f1687f63c19280045df9af39071d83d329834
    name: containers-common
    evr: 2:1-117.el9_6
  - url: https://cdn.redhat.com/content/eus/rhel9/9.6/aarch64/appstream/source/SRPMS/Packages/c/criu-3.19-1.2.el9_6.src.rpm
    repoid: rhel-9-for-aarch64-appstream-eus-source-rpms
    size: 1397633
    checksum: sha256:b055915dd2fd04c16c79a36775e1647f7c4f020cd341e94cda3a59898c3d6502
    name: criu
    evr: 3.19-1.2.el9_6
  - url: https://cdn.redhat.com/content/eus/rhel9/9.6/aarch64/appstream/source/SRPMS/Packages/c/crun-1.27-1.el9_6.src.rpm
    repoid: rhel-9-for-aarch64-appstream-eus-source-rpms
    size: 901530
    checksum: sha256:c67bc0ef627591ddc81255fd97d9d47e30d2bf66b60081a877f2efb25af11bfa
    name: crun
    evr: 1.27-1.el9_6
  - url: https://cdn.redhat.com/content/eus/rhel9/9.6/aarch64/appstream/source/SRPMS/Packages/f/fuse-overlayfs-1.14-1.el9.src.rpm
    repoid: rhel-9-for-aarch64-appstream-eus-source-rpms
    size: 114235
    checksum: sha256:ed1f6fd4c4c9efc2e499ffcb86c63d0f82657395e579a3f7b8525a4087ba5ece
    name: fuse-overlayfs
    evr: 1.14-1.el9
  - url: https://cdn.redhat.com/content/eus/rhel9/9.6/aarch64/appstream/source/SRPMS/Packages/l/libnet-1.2-7.el9.src.rpm
    repoid: rhel-9-for-aarch64-appstream-eus-source-rpms
    size: 611553
    checksum: sha256:bc2724e7061c48e2038f4f47b433bebccedb4ffc227dc351baaf3d5a52f03b08
    name: libnet
    evr: 1.2-7.el9
  - url: https://cdn.redhat.com/content/eus/rhel9/9.6/aarch64/appstream/source/SRPMS/Packages/l/libslirp-4.4.0-8.el9.src.rpm
    repoid: rhel-9-for-aarch64-appstream-eus-source-rpms
    size: 128699
    checksum: sha256:5e740382ebf1511fc7c4fa0c1db0bc72fad624329ff9e359cea75cccbed503e4
    name: libslirp
    evr: 4.4.0-8.el9
  - url: https://cdn.redhat.com/content/eus/rhel9/9.6/aarch64/appstream/source/SRPMS/Packages/s/skopeo-1.18.1-5.el9_6.1.src.rpm
    repoid: rhel-9-for-aarch64-appstream-eus-source-rpms
    size: 10656371
    checksum: sha256:5f509be81d46bb8499548a296c551fa59d61edd69986b40eaf9e5cb835513bec
    name: skopeo
    evr: 2:1.18.1-5.el9_6.1
  - url: https://cdn.redhat.com/content/eus/rhel9/9.6/aarch64/appstream/source/SRPMS/Packages/s/slirp4netns-1.3.2-1.el9.src.rpm
    repoid: rhel-9-for-aarch64-appstream-eus-source-rpms
    size: 76240
    checksum: sha256:9f048c86095d12608596b30fc60180fd0cc5ae4f4e5c25d26567f82b15cafede
    name: slirp4netns
    evr: 1.3.2-1.el9
  - url: https://cdn.redhat.com/content/eus/rhel9/9.6/aarch64/appstream/source/SRPMS/Packages/y/yajl-2.1.0-25.el9.src.rpm
    repoid: rhel-9-for-aarch64-appstream-eus-source-rpms
    size: 101373
    checksum: sha256:08182ae11608d0ad5d9ef01c558a39489f331fe449f9be6df1a91c5e950163f9
    name: yajl
    evr: 2.1.0-25.el9
  - url: https://cdn.redhat.com/content/eus/rhel9/9.6/aarch64/baseos/source/SRPMS/Packages/f/fuse3-3.10.2-9.el9.src.rpm
    repoid: rhel-9-for-aarch64-baseos-eus-source-rpms
    size: 799367
    checksum: sha256:ddfcd07bcdcc07bdabe0f05b2c5c3bb1d6582af9c6b127632dd74f8ca78d56c9
    name: fuse3
    evr: 3.10.2-9.el9
  - url: https://cdn.redhat.com/content/eus/rhel9/9.6/aarch64/baseos/source/SRPMS/Packages/k/kmod-28-10.el9.src.rpm
    repoid: rhel-9-for-aarch64-baseos-eus-source-rpms
    size: 582431
    checksum: sha256:28b89be6334167a3a6b3d73c82c11301e1ca065c853b18509eca456c4ee06508
    name: kmod
    evr: 28-10.el9
  - url: https://cdn.redhat.com/content/eus/rhel9/9.6/aarch64/baseos/source/SRPMS/Packages/p/protobuf-c-1.3.3-13.el9.src.rpm
    repoid: rhel-9-for-aarch64-baseos-eus-source-rpms
    size: 513224
    checksum: sha256:d4d82978c58a2f9ca8e24b953fd9ac74efee41572ec9649c4f2f183cda98b33f
    name: protobuf-c
    evr: 1.3.3-13.el9
  - url: https://cdn.redhat.com/content/eus/rhel9/9.6/aarch64/baseos/source/SRPMS/Packages/s/shadow-utils-4.9-12.el9.src.rpm
    repoid: rhel-9-for-aarch64-baseos-eus-source-rpms
    size: 1715281
    checksum: sha256:26fa86de6d2a5c08e93fc51ec4859635e74bcaec9480641bbb69cfce12ca21ab
    name: shadow-utils
    evr: 2:4.9-12.el9
  module_metadata: []
- arch: ppc64le
  packages:
  - url: https://cdn.redhat.com/content/eus/rhel9/9.6/ppc64le/appstream/os/Packages/c/containers-common-1-117.el9_6.ppc64le.rpm
    repoid: rhel-9-for-ppc64le-appstream-eus-rpms
    size: 158353
    checksum: sha256:d69a20c9463d424df9c50fdefb91a10f7cd4e9e98d65b32739f0bc7412aba84d
    name: containers-common
    evr: 2:1-117.el9_6
    sourcerpm: containers-common-1-117.el9_6.src.rpm
  - url: https://cdn.redhat.com/content/eus/rhel9/9.6/ppc64le/appstream/os/Packages/c/criu-3.19-1.2.el9_6.ppc64le.rpm
    repoid: rhel-9-for-ppc64le-appstream-eus-rpms
    size: 603184
    checksum: sha256:626108bffa2f5d7748b58767533e4155bc901383b5da5ef7c8fabcd23afc97cd
    name: criu
    evr: 3.19-1.2.el9_6
    sourcerpm: criu-3.19-1.2.el9_6.src.rpm
  - url: https://cdn.redhat.com/content/eus/rhel9/9.6/ppc64le/appstream/os/Packages/c/criu-libs-3.19-1.2.el9_6.ppc64le.rpm
    repoid: rhel-9-for-ppc64le-appstream-eus-rpms
    size: 33648
    checksum: sha256:c6e29402fb8e5e5fb3b2ed205e94e11e16f342d4763c5619bddfc737f63cfe81
    name: criu-libs
    evr: 3.19-1.2.el9_6
    sourcerpm: criu-3.19-1.2.el9_6.src.rpm
  - url: https://cdn.redhat.com/content/eus/rhel9/9.6/ppc64le/appstream/os/Packages/c/crun-1.27-1.el9_6.ppc64le.rpm
    repoid: rhel-9-for-ppc64le-appstream-eus-rpms
    size: 286067
    checksum: sha256:af18f880d2299bda126fe822d685c2677395419d1dfafebca55dc43362c3f4d2
    name: crun
    evr: 1.27-1.el9_6
    sourcerpm: crun-1.27-1.el9_6.src.rpm
  - url: https://cdn.redhat.com/content/eus/rhel9/9.6/ppc64le/appstream/os/Packages/f/fuse-overlayfs-1.14-1.el9.ppc64le.rpm
    repoid: rhel-9-for-ppc64le-appstream-eus-rpms
    size: 72573
    checksum: sha256:e75b7ccde7aeddf184db04d818e89ef79d3f664497799b9b135ef10fff2a084c
    name: fuse-overlayfs
    evr: 1.14-1.el9
    sourcerpm: fuse-overlayfs-1.14-1.el9.src.rpm
  - url: https://cdn.redhat.com/content/eus/rhel9/9.6/ppc64le/appstream/os/Packages/f/fuse3-3.10.2-9.el9.ppc64le.rpm
    repoid: rhel-9-for-ppc64le-appstream-eus-rpms
    size: 60949
    checksum: sha256:2d3079c155a9d6b0184fdf4147f814260008877091cc47127cc6a2b04cc4d77b
    name: fuse3
    evr: 3.10.2-9.el9
    sourcerpm: fuse3-3.10.2-9.el9.src.rpm
  - url: https://cdn.redhat.com/content/eus/rhel9/9.6/ppc64le/appstream/os/Packages/f/fuse3-libs-3.10.2-9.el9.ppc64le.rpm
    repoid: rhel-9-for-ppc64le-appstream-eus-rpms
    size: 101678
    checksum: sha256:3a8609dbd730ac88e7dfd9fcf1e553a549f38c81e9ddd74d3a5b65e5f1bb4d1b
    name: fuse3-libs
    evr: 3.10.2-9.el9
    sourcerpm: fuse3-3.10.2-9.el9.src.rpm
  - url: https://cdn.redhat.com/content/eus/rhel9/9.6/ppc64le/appstream/os/Packages/l/libnet-1.2-7.el9.ppc64le.rpm
    repoid: rhel-9-for-ppc64le-appstream-eus-rpms
    size: 69085
    checksum: sha256:6e3fc7cecfb5f2cf5121876958491c773287c72449e0331493fc3d1fa15740fd
    name: libnet
    evr: 1.2-7.el9
    sourcerpm: libnet-1.2-7.el9.src.rpm
  - url: https://cdn.redhat.com/content/eus/rhel9/9.6/ppc64le/appstream/os/Packages/l/libslirp-4.4.0-8.el9.ppc64le.rpm
    repoid: rhel-9-for-ppc64le-appstream-eus-rpms
    size: 76756
    checksum: sha256:d7cde72fc007d27edaf44c1743d37dc0a1d01fb456d9bc83fee5688c906dadf0
    name: libslirp
    evr: 4.4.0-8.el9
    sourcerpm: libslirp-4.4.0-8.el9.src.rpm
  - url: https://cdn.redhat.com/content/eus/rhel9/9.6/ppc64le/appstream/os/Packages/s/skopeo-1.18.1-5.el9_6.1.ppc64le.rpm
    repoid: rhel-9-for-ppc64le-appstream-eus-rpms
    size: 9041037
    checksum: sha256:e86a7506580f084f813cb614b97baad92ad5c89cd4aaaa2c8cf4f089db573807
    name: skopeo
    evr: 2:1.18.1-5.el9_6.1
    sourcerpm: skopeo-1.18.1-5.el9_6.1.src.rpm
  - url: https://cdn.redhat.com/content/eus/rhel9/9.6/ppc64le/appstream/os/Packages/s/slirp4netns-1.3.2-1.el9.ppc64le.rpm
    repoid: rhel-9-for-ppc64le-appstream-eus-rpms
    size: 52666
    checksum: sha256:890db2a14491bda11835eee68db88dc53150b6b60db2164d09e8878b1e068e20
    name: slirp4netns
    evr: 1.3.2-1.el9
    sourcerpm: slirp4netns-1.3.2-1.el9.src.rpm
  - url: https://cdn.redhat.com/content/eus/rhel9/9.6/ppc64le/appstream/os/Packages/y/yajl-2.1.0-25.el9.ppc64le.rpm
    repoid: rhel-9-for-ppc64le-appstream-eus-rpms
    size: 44667
    checksum: sha256:26fab003ba430cebc0b15182be8f43799af55dbd618bc64fece8aaba7081dcc4
    name: yajl
    evr: 2.1.0-25.el9
    sourcerpm: yajl-2.1.0-25.el9.src.rpm
  - url: https://cdn.redhat.com/content/eus/rhel9/9.6/ppc64le/baseos/os/Packages/f/fuse-common-3.10.2-9.el9.ppc64le.rpm
    repoid: rhel-9-for-ppc64le-baseos-eus-rpms
    size: 8730
    checksum: sha256:e165849a1cf2650552dae0735f29d5d2cdca20a3bc12afd7978cc8292207dd2c
    name: fuse-common
    evr: 3.10.2-9.el9
    sourcerpm: fuse3-3.10.2-9.el9.src.rpm
  - url: https://cdn.redhat.com/content/eus/rhel9/9.6/ppc64le/baseos/os/Packages/k/kmod-28-10.el9.ppc64le.rpm
    repoid: rhel-9-for-ppc64le-baseos-eus-rpms
    size: 144897
    checksum: sha256:b2ad04f06f82864fd93ac6fd96fdedcaf90a498194b36b046e952ae8385e1b83
    name: kmod
    evr: 28-10.el9
    sourcerpm: kmod-28-10.el9.src.rpm
  - url: https://cdn.redhat.com/content/eus/rhel9/9.6/ppc64le/baseos/os/Packages/p/protobuf-c-1.3.3-13.el9.ppc64le.rpm
    repoid: rhel-9-for-ppc64le-baseos-eus-rpms
    size: 41163
    checksum: sha256:68f122113847f244a3fb8f65c25fcc1cd76ac13f79e35e313c4f46a8f1efd2f0
    name: protobuf-c
    evr: 1.3.3-13.el9
    sourcerpm: protobuf-c-1.3.3-13.el9.src.rpm
  - url: https://cdn.redhat.com/content/eus/rhel9/9.6/ppc64le/baseos/os/Packages/s/shadow-utils-subid-4.9-12.el9.ppc64le.rpm
    repoid: rhel-9-for-ppc64le-baseos-eus-rpms
    size: 100960
    checksum: sha256:dc655effd02dcea866f5213acce12dcec362a0c8c928e243811ce748b7d0f0a8
    name: shadow-utils-subid
    evr: 2:4.9-12.el9
    sourcerpm: shadow-utils-4.9-12.el9.src.rpm
  source:
  - url: https://cdn.redhat.com/content/eus/rhel9/9.6/ppc64le/appstream/source/SRPMS/Packages/c/containers-common-1-117.el9_6.src.rpm
    repoid: rhel-9-for-ppc64le-appstream-eus-source-rpms
    size: 168528
    checksum: sha256:3ae3f5c20849053dcd2d8dfc378f1687f63c19280045df9af39071d83d329834
    name: containers-common
    evr: 2:1-117.el9_6
  - url: https://cdn.redhat.com/content/eus/rhel9/9.6/ppc64le/appstream/source/SRPMS/Packages/c/criu-3.19-1.2.el9_6.src.rpm
    repoid: rhel-9-for-ppc64le-appstream-eus-source-rpms
    size: 1397633
    checksum: sha256:b055915dd2fd04c16c79a36775e1647f7c4f020cd341e94cda3a59898c3d6502
    name: criu
    evr: 3.19-1.2.el9_6
  - url: https://cdn.redhat.com/content/eus/rhel9/9.6/ppc64le/appstream/source/SRPMS/Packages/c/crun-1.27-1.el9_6.src.rpm
    repoid: rhel-9-for-ppc64le-appstream-eus-source-rpms
    size: 901530
    checksum: sha256:c67bc0ef627591ddc81255fd97d9d47e30d2bf66b60081a877f2efb25af11bfa
    name: crun
    evr: 1.27-1.el9_6
  - url: https://cdn.redhat.com/content/eus/rhel9/9.6/ppc64le/appstream/source/SRPMS/Packages/f/fuse-overlayfs-1.14-1.el9.src.rpm
    repoid: rhel-9-for-ppc64le-appstream-eus-source-rpms
    size: 114235
    checksum: sha256:ed1f6fd4c4c9efc2e499ffcb86c63d0f82657395e579a3f7b8525a4087ba5ece
    name: fuse-overlayfs
    evr: 1.14-1.el9
  - url: https://cdn.redhat.com/content/eus/rhel9/9.6/ppc64le/appstream/source/SRPMS/Packages/l/libnet-1.2-7.el9.src.rpm
    repoid: rhel-9-for-ppc64le-appstream-eus-source-rpms
    size: 611553
    checksum: sha256:bc2724e7061c48e2038f4f47b433bebccedb4ffc227dc351baaf3d5a52f03b08
    name: libnet
    evr: 1.2-7.el9
  - url: https://cdn.redhat.com/content/eus/rhel9/9.6/ppc64le/appstream/source/SRPMS/Packages/l/libslirp-4.4.0-8.el9.src.rpm
    repoid: rhel-9-for-ppc64le-appstream-eus-source-rpms
    size: 128699
    checksum: sha256:5e740382ebf1511fc7c4fa0c1db0bc72fad624329ff9e359cea75cccbed503e4
    name: libslirp
    evr: 4.4.0-8.el9
  - url: https://cdn.redhat.com/content/eus/rhel9/9.6/ppc64le/appstream/source/SRPMS/Packages/s/skopeo-1.18.1-5.el9_6.1.src.rpm
    repoid: rhel-9-for-ppc64le-appstream-eus-source-rpms
    size: 10656371
    checksum: sha256:5f509be81d46bb8499548a296c551fa59d61edd69986b40eaf9e5cb835513bec
    name: skopeo
    evr: 2:1.18.1-5.el9_6.1
  - url: https://cdn.redhat.com/content/eus/rhel9/9.6/ppc64le/appstream/source/SRPMS/Packages/s/slirp4netns-1.3.2-1.el9.src.rpm
    repoid: rhel-9-for-ppc64le-appstream-eus-source-rpms
    size: 76240
    checksum: sha256:9f048c86095d12608596b30fc60180fd0cc5ae4f4e5c25d26567f82b15cafede
    name: slirp4netns
    evr: 1.3.2-1.el9
  - url: https://cdn.redhat.com/content/eus/rhel9/9.6/ppc64le/appstream/source/SRPMS/Packages/y/yajl-2.1.0-25.el9.src.rpm
    repoid: rhel-9-for-ppc64le-appstream-eus-source-rpms
    size: 101373
    checksum: sha256:08182ae11608d0ad5d9ef01c558a39489f331fe449f9be6df1a91c5e950163f9
    name: yajl
    evr: 2.1.0-25.el9
  - url: https://cdn.redhat.com/content/eus/rhel9/9.6/ppc64le/baseos/source/SRPMS/Packages/f/fuse3-3.10.2-9.el9.src.rpm
    repoid: rhel-9-for-ppc64le-baseos-eus-source-rpms
    size: 799367
    checksum: sha256:ddfcd07bcdcc07bdabe0f05b2c5c3bb1d6582af9c6b127632dd74f8ca78d56c9
    name: fuse3
    evr: 3.10.2-9.el9
  - url: https://cdn.redhat.com/content/eus/rhel9/9.6/ppc64le/baseos/source/SRPMS/Packages/k/kmod-28-10.el9.src.rpm
    repoid: rhel-9-for-ppc64le-baseos-eus-source-rpms
    size: 582431
    checksum: sha256:28b89be6334167a3a6b3d73c82c11301e1ca065c853b18509eca456c4ee06508
    name: kmod
    evr: 28-10.el9
  - url: https://cdn.redhat.com/content/eus/rhel9/9.6/ppc64le/baseos/source/SRPMS/Packages/p/protobuf-c-1.3.3-13.el9.src.rpm
    repoid: rhel-9-for-ppc64le-baseos-eus-source-rpms
    size: 513224
    checksum: sha256:d4d82978c58a2f9ca8e24b953fd9ac74efee41572ec9649c4f2f183cda98b33f
    name: protobuf-c
    evr: 1.3.3-13.el9
  - url: https://cdn.redhat.com/content/eus/rhel9/9.6/ppc64le/baseos/source/SRPMS/Packages/s/shadow-utils-4.9-12.el9.src.rpm
    repoid: rhel-9-for-ppc64le-baseos-eus-source-rpms
    size: 1715281
    checksum: sha256:26fa86de6d2a5c08e93fc51ec4859635e74bcaec9480641bbb69cfce12ca21ab
    name: shadow-utils
    evr: 2:4.9-12.el9
  module_metadata: []
- arch: s390x
  packages:
  - url: https://cdn.redhat.com/content/eus/rhel9/9.6/s390x/appstream/os/Packages/c/containers-common-1-117.el9_6.s390x.rpm
    repoid: rhel-9-for-s390x-appstream-eus-rpms
    size: 158384
    checksum: sha256:43f617e6883b9888af1d8cd5a97ff4bccc145839a1cffa7c3d07b5d0b27effa5
    name: containers-common
    evr: 2:1-117.el9_6
    sourcerpm: containers-common-1-117.el9_6.src.rpm
  - url: https://cdn.redhat.com/content/eus/rhel9/9.6/s390x/appstream/os/Packages/c/criu-3.19-1.2.el9_6.s390x.rpm
    repoid: rhel-9-for-s390x-appstream-eus-rpms
    size: 537764
    checksum: sha256:b1c28211c63b7b560dfb28fec511537a36213ad915e170414e03817a466945b5
    name: criu
    evr: 3.19-1.2.el9_6
    sourcerpm: criu-3.19-1.2.el9_6.src.rpm
  - url: https://cdn.redhat.com/content/eus/rhel9/9.6/s390x/appstream/os/Packages/c/criu-libs-3.19-1.2.el9_6.s390x.rpm
    repoid: rhel-9-for-s390x-appstream-eus-rpms
    size: 31277
    checksum: sha256:6182ea4d02e9b0336473785ca8cb62182e2a7fa3db734345363fbc26f4fc6fef
    name: criu-libs
    evr: 3.19-1.2.el9_6
    sourcerpm: criu-3.19-1.2.el9_6.src.rpm
  - url: https://cdn.redhat.com/content/eus/rhel9/9.6/s390x/appstream/os/Packages/c/crun-1.27-1.el9_6.s390x.rpm
    repoid: rhel-9-for-s390x-appstream-eus-rpms
    size: 242342
    checksum: sha256:5df44652b604d9d1c430842ab0f04ebe784565ccac1e6063acdc723554617028
    name: crun
    evr: 1.27-1.el9_6
    sourcerpm: crun-1.27-1.el9_6.src.rpm
  - url: https://cdn.redhat.com/content/eus/rhel9/9.6/s390x/appstream/os/Packages/f/fuse-overlayfs-1.14-1.el9.s390x.rpm
    repoid: rhel-9-for-s390x-appstream-eus-rpms
    size: 67551
    checksum: sha256:93f1e55607f125f9cee078491ac5e283b27ca8e0f715a2925dc7cd9f2373a340
    name: fuse-overlayfs
    evr: 1.14-1.el9
    sourcerpm: fuse-overlayfs-1.14-1.el9.src.rpm
  - url: https://cdn.redhat.com/content/eus/rhel9/9.6/s390x/appstream/os/Packages/f/fuse3-3.10.2-9.el9.s390x.rpm
    repoid: rhel-9-for-s390x-appstream-eus-rpms
    size: 58849
    checksum: sha256:268c49edce99e99b8d4259dc9ef7f77df26112c2f83197bda44d59ccfb9455c0
    name: fuse3
    evr: 3.10.2-9.el9
    sourcerpm: fuse3-3.10.2-9.el9.src.rpm
  - url: https://cdn.redhat.com/content/eus/rhel9/9.6/s390x/appstream/os/Packages/f/fuse3-libs-3.10.2-9.el9.s390x.rpm
    repoid: rhel-9-for-s390x-appstream-eus-rpms
    size: 91494
    checksum: sha256:0dabf755fc8193b5d412f96f25693d0d7f782e018c0809ea60aaaa5cfa3bcf3d
    name: fuse3-libs
    evr: 3.10.2-9.el9
    sourcerpm: fuse3-3.10.2-9.el9.src.rpm
  - url: https://cdn.redhat.com/content/eus/rhel9/9.6/s390x/appstream/os/Packages/l/libnet-1.2-7.el9.s390x.rpm
    repoid: rhel-9-for-s390x-appstream-eus-rpms
    size: 58422
    checksum: sha256:3e4a676c2278bb717d3ca2136e2af3887169d4f773a3a0fd7da63523dcaa7055
    name: libnet
    evr: 1.2-7.el9
    sourcerpm: libnet-1.2-7.el9.src.rpm
  - url: https://cdn.redhat.com/content/eus/rhel9/9.6/s390x/appstream/os/Packages/l/libslirp-4.4.0-8.el9.s390x.rpm
    repoid: rhel-9-for-s390x-appstream-eus-rpms
    size: 68715
    checksum: sha256:b40578b6b3d8b07bf72e3a6436b2950f5186daf697be465df49bec4258559619
    name: libslirp
    evr: 4.4.0-8.el9
    sourcerpm: libslirp-4.4.0-8.el9.src.rpm
  - url: https://cdn.redhat.com/content/eus/rhel9/9.6/s390x/appstream/os/Packages/s/skopeo-1.18.1-5.el9_6.1.s390x.rpm
    repoid: rhel-9-for-s390x-appstream-eus-rpms
    size: 9251309
    checksum: sha256:adad0f1fe61eedf34b793823257085b6d23d8889b735b292e661e104f235cb45
    name: skopeo
    evr: 2:1.18.1-5.el9_6.1
    sourcerpm: skopeo-1.18.1-5.el9_6.1.src.rpm
  - url: https://cdn.redhat.com/content/eus/rhel9/9.6/s390x/appstream/os/Packages/s/slirp4netns-1.3.2-1.el9.s390x.rpm
    repoid: rhel-9-for-s390x-appstream-eus-rpms
    size: 50223
    checksum: sha256:09569926443a6a55fc83ab3f527ba2f7615132dece1ba6c907756b1f5c122a17
    name: slirp4netns
    evr: 1.3.2-1.el9
    sourcerpm: slirp4netns-1.3.2-1.el9.src.rpm
  - url: https://cdn.redhat.com/content/eus/rhel9/9.6/s390x/appstream/os/Packages/y/yajl-2.1.0-25.el9.s390x.rpm
    repoid: rhel-9-for-s390x-appstream-eus-rpms
    size: 41891
    checksum: sha256:479b9f5c4422e460fa6b3cd8cb076cfec9ee7278e98f2054eeab2eeea546d7e1
    name: yajl
    evr: 2.1.0-25.el9
    sourcerpm: yajl-2.1.0-25.el9.src.rpm
  - url: https://cdn.redhat.com/content/eus/rhel9/9.6/s390x/baseos/os/Packages/f/fuse-common-3.10.2-9.el9.s390x.rpm
    repoid: rhel-9-for-s390x-baseos-eus-rpms
    size: 8730
    checksum: sha256:c5f5c7c16721d91391b87ea2aecba0a5c88bab353b4e49fc95b84a931ecd7297
    name: fuse-common
    evr: 3.10.2-9.el9
    sourcerpm: fuse3-3.10.2-9.el9.src.rpm
  - url: https://cdn.redhat.com/content/eus/rhel9/9.6/s390x/baseos/os/Packages/k/kmod-28-10.el9.s390x.rpm
    repoid: rhel-9-for-s390x-baseos-eus-rpms
    size: 131701
    checksum: sha256:fa01c99cf0fe119789f1774fd1f4c469e5e6ef6557d274c1c48bf7ddd780dbcd
    name: kmod
    evr: 28-10.el9
    sourcerpm: kmod-28-10.el9.src.rpm
  - url: https://cdn.redhat.com/content/eus/rhel9/9.6/s390x/baseos/os/Packages/p/protobuf-c-1.3.3-13.el9.s390x.rpm
    repoid: rhel-9-for-s390x-baseos-eus-rpms
    size: 38450
    checksum: sha256:0ba1d0bcbc80c2dc53fdac3eecf2606aab133ca22ba7cf857d720c78cb120782
    name: protobuf-c
    evr: 1.3.3-13.el9
    sourcerpm: protobuf-c-1.3.3-13.el9.src.rpm
  - url: https://cdn.redhat.com/content/eus/rhel9/9.6/s390x/baseos/os/Packages/s/shadow-utils-subid-4.9-12.el9.s390x.rpm
    repoid: rhel-9-for-s390x-baseos-eus-rpms
    size: 88896
    checksum: sha256:30aabdf564499f7a95c4e8d71f2d9fd7c9f2921ef3180378939ed15571ac38a9
    name: shadow-utils-subid
    evr: 2:4.9-12.el9
    sourcerpm: shadow-utils-4.9-12.el9.src.rpm
  source:
  - url: https://cdn.redhat.com/content/eus/rhel9/9.6/s390x/appstream/source/SRPMS/Packages/c/containers-common-1-117.el9_6.src.rpm
    repoid: rhel-9-for-s390x-appstream-eus-source-rpms
    size: 168528
    checksum: sha256:3ae3f5c20849053dcd2d8dfc378f1687f63c19280045df9af39071d83d329834
    name: containers-common
    evr: 2:1-117.el9_6
  - url: https://cdn.redhat.com/content/eus/rhel9/9.6/s390x/appstream/source/SRPMS/Packages/c/criu-3.19-1.2.el9_6.src.rpm
    repoid: rhel-9-for-s390x-appstream-eus-source-rpms
    size: 1397633
    checksum: sha256:b055915dd2fd04c16c79a36775e1647f7c4f020cd341e94cda3a59898c3d6502
    name: criu
    evr: 3.19-1.2.el9_6
  - url: https://cdn.redhat.com/content/eus/rhel9/9.6/s390x/appstream/source/SRPMS/Packages/c/crun-1.27-1.el9_6.src.rpm
    repoid: rhel-9-for-s390x-appstream-eus-source-rpms
    size: 901530
    checksum: sha256:c67bc0ef627591ddc81255fd97d9d47e30d2bf66b60081a877f2efb25af11bfa
    name: crun
    evr: 1.27-1.el9_6
  - url: https://cdn.redhat.com/content/eus/rhel9/9.6/s390x/appstream/source/SRPMS/Packages/f/fuse-overlayfs-1.14-1.el9.src.rpm
    repoid: rhel-9-for-s390x-appstream-eus-source-rpms
    size: 114235
    checksum: sha256:ed1f6fd4c4c9efc2e499ffcb86c63d0f82657395e579a3f7b8525a4087ba5ece
    name: fuse-overlayfs
    evr: 1.14-1.el9
  - url: https://cdn.redhat.com/content/eus/rhel9/9.6/s390x/appstream/source/SRPMS/Packages/l/libnet-1.2-7.el9.src.rpm
    repoid: rhel-9-for-s390x-appstream-eus-source-rpms
    size: 611553
    checksum: sha256:bc2724e7061c48e2038f4f47b433bebccedb4ffc227dc351baaf3d5a52f03b08
    name: libnet
    evr: 1.2-7.el9
  - url: https://cdn.redhat.com/content/eus/rhel9/9.6/s390x/appstream/source/SRPMS/Packages/l/libslirp-4.4.0-8.el9.src.rpm
    repoid: rhel-9-for-s390x-appstream-eus-source-rpms
    size: 128699
    checksum: sha256:5e740382ebf1511fc7c4fa0c1db0bc72fad624329ff9e359cea75cccbed503e4
    name: libslirp
    evr: 4.4.0-8.el9
  - url: https://cdn.redhat.com/content/eus/rhel9/9.6/s390x/appstream/source/SRPMS/Packages/s/skopeo-1.18.1-5.el9_6.1.src.rpm
    repoid: rhel-9-for-s390x-appstream-eus-source-rpms
    size: 10656371
    checksum: sha256:5f509be81d46bb8499548a296c551fa59d61edd69986b40eaf9e5cb835513bec
    name: skopeo
    evr: 2:1.18.1-5.el9_6.1
  - url: https://cdn.redhat.com/content/eus/rhel9/9.6/s390x/appstream/source/SRPMS/Packages/s/slirp4netns-1.3.2-1.el9.src.rpm
    repoid: rhel-9-for-s390x-appstream-eus-source-rpms
    size: 76240
    checksum: sha256:9f048c86095d12608596b30fc60180fd0cc5ae4f4e5c25d26567f82b15cafede
    name: slirp4netns
    evr: 1.3.2-1.el9
  - url: https://cdn.redhat.com/content/eus/rhel9/9.6/s390x/appstream/source/SRPMS/Packages/y/yajl-2.1.0-25.el9.src.rpm
    repoid: rhel-9-for-s390x-appstream-eus-source-rpms
    size: 101373
    checksum: sha256:08182ae11608d0ad5d9ef01c558a39489f331fe449f9be6df1a91c5e950163f9
    name: yajl
    evr: 2.1.0-25.el9
  - url: https://cdn.redhat.com/content/eus/rhel9/9.6/s390x/baseos/source/SRPMS/Packages/f/fuse3-3.10.2-9.el9.src.rpm
    repoid: rhel-9-for-s390x-baseos-eus-source-rpms
    size: 799367
    checksum: sha256:ddfcd07bcdcc07bdabe0f05b2c5c3bb1d6582af9c6b127632dd74f8ca78d56c9
    name: fuse3
    evr: 3.10.2-9.el9
  - url: https://cdn.redhat.com/content/eus/rhel9/9.6/s390x/baseos/source/SRPMS/Packages/k/kmod-28-10.el9.src.rpm
    repoid: rhel-9-for-s390x-baseos-eus-source-rpms
    size: 582431
    checksum: sha256:28b89be6334167a3a6b3d73c82c11301e1ca065c853b18509eca456c4ee06508
    name: kmod
    evr: 28-10.el9
  - url: https://cdn.redhat.com/content/eus/rhel9/9.6/s390x/baseos/source/SRPMS/Packages/p/protobuf-c-1.3.3-13.el9.src.rpm
    repoid: rhel-9-for-s390x-baseos-eus-source-rpms
    size: 513224
    checksum: sha256:d4d82978c58a2f9ca8e24b953fd9ac74efee41572ec9649c4f2f183cda98b33f
    name: protobuf-c
    evr: 1.3.3-13.el9
  - url: https://cdn.redhat.com/content/eus/rhel9/9.6/s390x/baseos/source/SRPMS/Packages/s/shadow-utils-4.9-12.el9.src.rpm
    repoid: rhel-9-for-s390x-baseos-eus-source-rpms
    size: 1715281
    checksum: sha256:26fa86de6d2a5c08e93fc51ec4859635e74bcaec9480641bbb69cfce12ca21ab
    name: shadow-utils
    evr: 2:4.9-12.el9
  module_metadata: []
- arch: x86_64
  packages:
  - url: https://cdn.redhat.com/content/eus/rhel9/9.6/x86_64/appstream/os/Packages/c/containers-common-1-117.el9_6.x86_64.rpm
    repoid: rhel-9-for-x86_64-appstream-eus-rpms
    size: 158417
    checksum: sha256:4a45b00847d30c3c804a6184af69e0e11836be975e51960596ce31c459a5d532
    name: containers-common
    evr: 2:1-117.el9_6
    sourcerpm: containers-common-1-117.el9_6.src.rpm
  - url: https://cdn.redhat.com/content/eus/rhel9/9.6/x86_64/appstream/os/Packages/c/criu-3.19-1.2.el9_6.x86_64.rpm
    repoid: rhel-9-for-x86_64-appstream-eus-rpms
    size: 570685
    checksum: sha256:fcc3972770f19de2ed8030983b30a624aa7a4f93f1f5b70238118ab980375456
    name: criu
    evr: 3.19-1.2.el9_6
    sourcerpm: criu-3.19-1.2.el9_6.src.rpm
  - url: https://cdn.redhat.com/content/eus/rhel9/9.6/x86_64/appstream/os/Packages/c/criu-libs-3.19-1.2.el9_6.x86_64.rpm
    repoid: rhel-9-for-x86_64-appstream-eus-rpms
    size: 31924
    checksum: sha256:98a67d3218d5961abaea63a4f7bdfc30ec461ec65bca2347e4d9ea067d7ce4e6
    name: criu-libs
    evr: 3.19-1.2.el9_6
    sourcerpm: criu-3.19-1.2.el9_6.src.rpm
  - url: https://cdn.redhat.com/content/eus/rhel9/9.6/x86_64/appstream/os/Packages/c/crun-1.27-1.el9_6.x86_64.rpm
    repoid: rhel-9-for-x86_64-appstream-eus-rpms
    size: 261140
    checksum: sha256:2764ddb0593bbf94c10ab8c3cf28d0154115edb8f825539b63d40a28c89737f6
    name: crun
    evr: 1.27-1.el9_6
    sourcerpm: crun-1.27-1.el9_6.src.rpm
  - url: https://cdn.redhat.com/content/eus/rhel9/9.6/x86_64/appstream/os/Packages/f/fuse-overlayfs-1.14-1.el9.x86_64.rpm
    repoid: rhel-9-for-x86_64-appstream-eus-rpms
    size: 71022
    checksum: sha256:884e4034c930e0305d2402da2bdc1eac5a91295da06e554b75c1c9a4529ddbc2
    name: fuse-overlayfs
    evr: 1.14-1.el9
    sourcerpm: fuse-overlayfs-1.14-1.el9.src.rpm
  - url: https://cdn.redhat.com/content/eus/rhel9/9.6/x86_64/appstream/os/Packages/f/fuse3-3.10.2-9.el9.x86_64.rpm
    repoid: rhel-9-for-x86_64-appstream-eus-rpms
    size: 58706
    checksum: sha256:4674b4ee6150c8f8be01a028a471c209a6be7c0cf78e9450cf28fb01eaed9ea2
    name: fuse3
    evr: 3.10.2-9.el9
    sourcerpm: fuse3-3.10.2-9.el9.src.rpm
  - url: https://cdn.redhat.com/content/eus/rhel9/9.6/x86_64/appstream/os/Packages/f/fuse3-libs-3.10.2-9.el9.x86_64.rpm
    repoid: rhel-9-for-x86_64-appstream-eus-rpms
    size: 95573
    checksum: sha256:945e1d95edbce9c7dba52e9317d4564381efa5a1ba48d4bd49a58c85e47cd717
    name: fuse3-libs
    evr: 3.10.2-9.el9
    sourcerpm: fuse3-3.10.2-9.el9.src.rpm
  - url: https://cdn.redhat.com/content/eus/rhel9/9.6/x86_64/appstream/os/Packages/l/libnet-1.2-7.el9.x86_64.rpm
    repoid: rhel-9-for-x86_64-appstream-eus-rpms
    size: 61278
    checksum: sha256:738b9a7ab78c149487e349d90c384b59031d5763ba687a6b58a4f853671af86b
    name: libnet
    evr: 1.2-7.el9
    sourcerpm: libnet-1.2-7.el9.src.rpm
  - url: https://cdn.redhat.com/content/eus/rhel9/9.6/x86_64/appstream/os/Packages/l/libslirp-4.4.0-8.el9.x86_64.rpm
    repoid: rhel-9-for-x86_64-appstream-eus-rpms
    size: 71992
    checksum: sha256:9bd269ec50504f997683e963481f870bb937c3cfdb54a057e9acca67bf2b7631
    name: libslirp
    evr: 4.4.0-8.el9
    sourcerpm: libslirp-4.4.0-8.el9.src.rpm
  - url: https://cdn.redhat.com/content/eus/rhel9/9.6/x86_64/appstream/os/Packages/s/skopeo-1.18.1-5.el9_6.1.x86_64.rpm
    repoid: rhel-9-for-x86_64-appstream-eus-rpms
    size: 9785972
    checksum: sha256:07b1e185902de0affdb41d8ba9dbee84bae0916faae901ea783acb6c0063001b
    name: skopeo
    evr: 2:1.18.1-5.el9_6.1
    sourcerpm: skopeo-1.18.1-5.el9_6.1.src.rpm
  - url: https://cdn.redhat.com/content/eus/rhel9/9.6/x86_64/appstream/os/Packages/s/slirp4netns-1.3.2-1.el9.x86_64.rpm
    repoid: rhel-9-for-x86_64-appstream-eus-rpms
    size: 50387
    checksum: sha256:25a2a6c5cee50c6f4693ee66c782e9644f4ba1fe410c795391afcc07546496e7
    name: slirp4netns
    evr: 1.3.2-1.el9
    sourcerpm: slirp4netns-1.3.2-1.el9.src.rpm
  - url: https://cdn.redhat.com/content/eus/rhel9/9.6/x86_64/appstream/os/Packages/y/yajl-2.1.0-25.el9.x86_64.rpm
    repoid: rhel-9-for-x86_64-appstream-eus-rpms
    size: 42487
    checksum: sha256:f7503f34d5095303db5c57c70c5edb890dab7d0bba5920f3dcc44d7835449555
    name: yajl
    evr: 2.1.0-25.el9
    sourcerpm: yajl-2.1.0-25.el9.src.rpm
  - url: https://cdn.redhat.com/content/eus/rhel9/9.6/x86_64/baseos/os/Packages/f/fuse-common-3.10.2-9.el9.x86_64.rpm
    repoid: rhel-9-for-x86_64-baseos-eus-rpms
    size: 8750
    checksum: sha256:548265cbee787fa659bc79c07e15a12007f39eb70e905bf660ec488f0bb8820f
    name: fuse-common
    evr: 3.10.2-9.el9
    sourcerpm: fuse3-3.10.2-9.el9.src.rpm
  - url: https://cdn.redhat.com/content/eus/rhel9/9.6/x86_64/baseos/os/Packages/k/kmod-28-10.el9.x86_64.rpm
    repoid: rhel-9-for-x86_64-baseos-eus-rpms
    size: 132888
    checksum: sha256:e9ccad17d4c6c30524ec5c2aab8d8d351f2776ab564baccdbd2df9b54e28baea
    name: kmod
    evr: 28-10.el9
    sourcerpm: kmod-28-10.el9.src.rpm
  - url: https://cdn.redhat.com/content/eus/rhel9/9.6/x86_64/baseos/os/Packages/p/protobuf-c-1.3.3-13.el9.x86_64.rpm
    repoid: rhel-9-for-x86_64-baseos-eus-rpms
    size: 38224
    checksum: sha256:9669f5bed1c9532ede399cd1ea6f8937ae7d18cfb56d59f2939a4b456390035f
    name: protobuf-c
    evr: 1.3.3-13.el9
    sourcerpm: protobuf-c-1.3.3-13.el9.src.rpm
  - url: https://cdn.redhat.com/content/eus/rhel9/9.6/x86_64/baseos/os/Packages/s/shadow-utils-subid-4.9-12.el9.x86_64.rpm
    repoid: rhel-9-for-x86_64-baseos-eus-rpms
    size: 90389
    checksum: sha256:342ced93b6ca9b0fd884f990177f7b1e8a6bc35e0bb2a6d4b6684cf8f0062760
    name: shadow-utils-subid
    evr: 2:4.9-12.el9
    sourcerpm: shadow-utils-4.9-12.el9.src.rpm
  source:
  - url: https://cdn.redhat.com/content/eus/rhel9/9.6/x86_64/appstream/source/SRPMS/Packages/c/containers-common-1-117.el9_6.src.rpm
    repoid: rhel-9-for-x86_64-appstream-eus-source-rpms
    size: 168528
    checksum: sha256:3ae3f5c20849053dcd2d8dfc378f1687f63c19280045df9af39071d83d329834
    name: containers-common
    evr: 2:1-117.el9_6
  - url: https://cdn.redhat.com/content/eus/rhel9/9.6/x86_64/appstream/source/SRPMS/Packages/c/criu-3.19-1.2.el9_6.src.rpm
    repoid: rhel-9-for-x86_64-appstream-eus-source-rpms
    size: 1397633
    checksum: sha256:b055915dd2fd04c16c79a36775e1647f7c4f020cd341e94cda3a59898c3d6502
    name: criu
    evr: 3.19-1.2.el9_6
  - url: https://cdn.redhat.com/content/eus/rhel9/9.6/x86_64/appstream/source/SRPMS/Packages/c/crun-1.27-1.el9_6.src.rpm
    repoid: rhel-9-for-x86_64-appstream-eus-source-rpms
    size: 901530
    checksum: sha256:c67bc0ef627591ddc81255fd97d9d47e30d2bf66b60081a877f2efb25af11bfa
    name: crun
    evr: 1.27-1.el9_6
  - url: https://cdn.redhat.com/content/eus/rhel9/9.6/x86_64/appstream/source/SRPMS/Packages/f/fuse-overlayfs-1.14-1.el9.src.rpm
    repoid: rhel-9-for-x86_64-appstream-eus-source-rpms
    size: 114235
    checksum: sha256:ed1f6fd4c4c9efc2e499ffcb86c63d0f82657395e579a3f7b8525a4087ba5ece
    name: fuse-overlayfs
    evr: 1.14-1.el9
  - url: https://cdn.redhat.com/content/eus/rhel9/9.6/x86_64/appstream/source/SRPMS/Packages/l/libnet-1.2-7.el9.src.rpm
    repoid: rhel-9-for-x86_64-appstream-eus-source-rpms
    size: 611553
    checksum: sha256:bc2724e7061c48e2038f4f47b433bebccedb4ffc227dc351baaf3d5a52f03b08
    name: libnet
    evr: 1.2-7.el9
  - url: https://cdn.redhat.com/content/eus/rhel9/9.6/x86_64/appstream/source/SRPMS/Packages/l/libslirp-4.4.0-8.el9.src.rpm
    repoid: rhel-9-for-x86_64-appstream-eus-source-rpms
    size: 128699
    checksum: sha256:5e740382ebf1511fc7c4fa0c1db0bc72fad624329ff9e359cea75cccbed503e4
    name: libslirp
    evr: 4.4.0-8.el9
  - url: https://cdn.redhat.com/content/eus/rhel9/9.6/x86_64/appstream/source/SRPMS/Packages/s/skopeo-1.18.1-5.el9_6.1.src.rpm
    repoid: rhel-9-for-x86_64-appstream-eus-source-rpms
    size: 10656371
    checksum: sha256:5f509be81d46bb8499548a296c551fa59d61edd69986b40eaf9e5cb835513bec
    name: skopeo
    evr: 2:1.18.1-5.el9_6.1
  - url: https://cdn.redhat.com/content/eus/rhel9/9.6/x86_64/appstream/source/SRPMS/Packages/s/slirp4netns-1.3.2-1.el9.src.rpm
    repoid: rhel-9-for-x86_64-appstream-eus-source-rpms
    size: 76240
    checksum: sha256:9f048c86095d12608596b30fc60180fd0cc5ae4f4e5c25d26567f82b15cafede
    name: slirp4netns
    evr: 1.3.2-1.el9
  - url: https://cdn.redhat.com/content/eus/rhel9/9.6/x86_64/appstream/source/SRPMS/Packages/y/yajl-2.1.0-25.el9.src.rpm
    repoid: rhel-9-for-x86_64-appstream-eus-source-rpms
    size: 101373
    checksum: sha256:08182ae11608d0ad5d9ef01c558a39489f331fe449f9be6df1a91c5e950163f9
    name: yajl
    evr: 2.1.0-25.el9
  - url: https://cdn.redhat.com/content/eus/rhel9/9.6/x86_64/baseos/source/SRPMS/Packages/f/fuse3-3.10.2-9.el9.src.rpm
    repoid: rhel-9-for-x86_64-baseos-eus-source-rpms
    size: 799367
    checksum: sha256:ddfcd07bcdcc07bdabe0f05b2c5c3bb1d6582af9c6b127632dd74f8ca78d56c9
    name: fuse3
    evr: 3.10.2-9.el9
  - url: https://cdn.redhat.com/content/eus/rhel9/9.6/x86_64/baseos/source/SRPMS/Packages/k/kmod-28-10.el9.src.rpm
    repoid: rhel-9-for-x86_64-baseos-eus-source-rpms
    size: 582431
    checksum: sha256:28b89be6334167a3a6b3d73c82c11301e1ca065c853b18509eca456c4ee06508
    name: kmod
    evr: 28-10.el9
  - url: https://cdn.redhat.com/content/eus/rhel9/9.6/x86_64/baseos/source/SRPMS/Packages/p/protobuf-c-1.3.3-13.el9.src.rpm
    repoid: rhel-9-for-x86_64-baseos-eus-source-rpms
    size: 513224
    checksum: sha256:d4d82978c58a2f9ca8e24b953fd9ac74efee41572ec9649c4f2f183cda98b33f
    name: protobuf-c
    evr: 1.3.3-13.el9
  - url: https://cdn.redhat.com/content/eus/rhel9/9.6/x86_64/baseos/source/SRPMS/Packages/s/shadow-utils-4.9-12.el9.src.rpm
    repoid: rhel-9-for-x86_64-baseos-eus-source-rpms
    size: 1715281
    checksum: sha256:26fa86de6d2a5c08e93fc51ec4859635e74bcaec9480641bbb69cfce12ca21ab
    name: shadow-utils
    evr: 2:4.9-12.el9
  module_metadata: []
